
Microsoft Visual Studio Solution File, Format Version 12.00
# Visual Studio Version 17
VisualStudioVersion = 17.12.0.0
MinimumVisualStudioVersion = 10.0.40219.1
Project("{9A19103F-16F7-4668-BE54-9A1E7A4F7556}") = "Baseline.Core", "Core\Baseline.Core\Baseline.Core.csproj", "{A1B2C3D4-1111-1111-1111-111111111111}"
EndProject
Project("{9A19103F-16F7-4668-BE54-9A1E7A4F7556}") = "Baseline.Core.Admin", "Core\Baseline.Core.Admin\Baseline.Core.Admin.csproj", "{A1B2C3D4-1111-1111-1111-111111111112}"
EndProject
Project("{9A19103F-16F7-4668-BE54-9A1E7A4F7556}") = "Baseline.Core.RCL", "Core\Baseline.Core.RCL\Baseline.Core.RCL.csproj", "{A1B2C3D4-1111-1111-1111-111111111113}"
EndProject
Project("{9A19103F-16F7-4668-BE54-9A1E7A4F7556}") = "Baseline.Account", "Account\Baseline.Account\Baseline.Account.csproj", "{A1B2C3D4-2222-2222-2222-222222222221}"
EndProject
Project("{9A19103F-16F7-4668-BE54-9A1E7A4F7556}") = "Baseline.Account.Admin", "Account\Baseline.Account.Admin\Baseline.Account.Admin.csproj", "{A1B2C3D4-2222-2222-2222-222222222222}"
EndProject
Project("{9A19103F-16F7-4668-BE54-9A1E7A4F7556}") = "Baseline.Account.RCL", "Account\Baseline.Account.RCL\Baseline.Account.RCL.csproj", "{A1B2C3D4-2222-2222-2222-222222222223}"
EndProject
Project("{9A19103F-16F7-4668-BE54-9A1E7A4F7556}") = "Baseline.Navigation", "Navigation\Baseline.Navigation\Baseline.Navigation.csproj", "{A1B2C3D4-3333-3333-3333-333333333331}"
EndProject
Project("{9A19103F-16F7-4668-BE54-9A1E7A4F7556}") = "Baseline.Navigation.Admin", "Navigation\Baseline.Navigation.Admin\Baseline.Navigation.Admin.csproj", "{A1B2C3D4-3333-3333-3333-333333333332}"
EndProject
Project("{9A19103F-16F7-4668-BE54-9A1E7A4F7556}") = "Baseline.Navigation.RCL", "Navigation\Baseline.Navigation.RCL\Baseline.Navigation.RCL.csproj", "{A1B2C3D4-3333-3333-3333-333333333333}"
EndProject
Project("{9A19103F-16F7-4668-BE54-9A1E7A4F7556}") = "Baseline.Ecommerce", "Ecommerce\Baseline.Ecommerce\Baseline.Ecommerce.csproj", "{A1B2C3D4-4444-4444-4444-444444444441}"
EndProject
Project("{9A19103F-16F7-4668-BE54-9A1E7A4F7556}") = "Baseline.Ecommerce.Admin", "Ecommerce\Baseline.Ecommerce.Admin\Baseline.Ecommerce.Admin.csproj", "{A1B2C3D4-4444-4444-4444-444444444442}"
EndProject
Project("{9A19103F-16F7-4668-BE54-9A1E7A4F7556}") = "Baseline.Ecommerce.RCL", "Ecommerce\Baseline.Ecommerce.RCL\Baseline.Ecommerce.RCL.csproj", "{A1B2C3D4-4444-4444-4444-444444444443}"
EndProject
Project("{9A19103F-16F7-4668-BE54-9A1E7A4F7556}") = "Baseline.Search", "Search\Baseline.Search\Baseline.Search.csproj", "{A1B2C3D4-5555-5555-5555-555555555551}"
EndProject
Project("{9A19103F-16F7-4668-BE54-9A1E7A4F7556}") = "Baseline.Search.Admin", "Search\Baseline.Search.Admin\Baseline.Search.Admin.csproj", "{A1B2C3D4-5555-5555-5555-555555555552}"
EndProject
Project("{9A19103F-16F7-4668-BE54-9A1E7A4F7556}") = "Baseline.Search.RCL", "Search\Baseline.Search.RCL\Baseline.Search.RCL.csproj", "{A1B2C3D4-5555-5555-5555-555555555553}"
EndProject
Project("{9A19103F-16F7-4668-BE54-9A1E7A4F7556}") = "Baseline.Search.Lucene", "Search\Baseline.Search.Lucene\Baseline.Search.Lucene.csproj", "{A1B2C3D4-5555-5555-5555-555555555554}"
EndProject
Project("{9A19103F-16F7-4668-BE54-9A1E7A4F7556}") = "Baseline.Localization", "Localization\Baseline.Localization\Baseline.Localization.csproj", "{A1B2C3D4-6666-6666-6666-666666666661}"
EndProject
Project("{9A19103F-16F7-4668-BE54-9A1E7A4F7556}") = "Baseline.Localization.Admin", "Localization\Baseline.Localization.Admin\Baseline.Localization.Admin.csproj", "{A1B2C3D4-6666-6666-6666-666666666662}"
EndProject
Project("{9A19103F-16F7-4668-BE54-9A1E7A4F7556}") = "Baseline.Localization.RCL", "Localization\Baseline.Localization.RCL\Baseline.Localization.RCL.csproj", "{A1B2C3D4-6666-6666-6666-666666666663}"
EndProject
Project("{9A19103F-16F7-4668-BE54-9A1E7A4F7556}") = "Baseline.TabbedPages", "TabbedPages\Baseline.TabbedPages\Baseline.TabbedPages.csproj", "{A1B2C3D4-8888-8888-8888-888888888881}"
EndProject
Project("{9A19103F-16F7-4668-BE54-9A1E7A4F7556}") = "Baseline.TabbedPages.Admin", "TabbedPages\Baseline.TabbedPages.Admin\Baseline.TabbedPages.Admin.csproj", "{A1B2C3D4-8888-8888-8888-888888888882}"
EndProject
Project("{9A19103F-16F7-4668-BE54-9A1E7A4F7556}") = "Baseline.TabbedPages.RCL", "TabbedPages\Baseline.TabbedPages.RCL\Baseline.TabbedPages.RCL.csproj", "{A1B2C3D4-8888-8888-8888-888888888883}"
EndProject
Project("{9A19103F-16F7-4668-BE54-9A1E7A4F7556}") = "Baseline.DigitalMarketing", "DigitalMarketing\Baseline.DigitalMarketing\Baseline.DigitalMarketing.csproj", "{A1B2C3D4-9999-9999-9999-999999999991}"
EndProject
Project("{9A19103F-16F7-4668-BE54-9A1E7A4F7556}") = "Baseline.DataProtection", "DataProtection\Baseline.DataProtection\Baseline.DataProtection.csproj", "{A1B2C3D4-AAAA-AAAA-AAAA-AAAAAAAAAAAA}"
EndProject
Project("{9A19103F-16F7-4668-BE54-9A1E7A4F7556}") = "Baseline.Forms", "Forms\Baseline.Forms\Baseline.Forms.csproj", "{A1B2C3D4-BBBB-BBBB-BBBB-BBBBBBBBBBBB}"
EndProject
Project("{9A19103F-16F7-4668-BE54-9A1E7A4F7556}") = "Baseline.EmailMarketing", "EmailMarketing\Baseline.EmailMarketing\Baseline.EmailMarketing.csproj", "{A1B2C3D4-CCCC-CCCC-CCCC-CCCCCCCCCCCC}"
EndProject
Project("{9A19103F-16F7-4668-BE54-9A1E7A4F7556}") = "Baseline.AI", "AI\Baseline.AI\Baseline.AI.csproj", "{A1B2C3D4-DDDD-DDDD-DDDD-DDDDDDDDDDDD}"
EndProject
Project("{9A19103F-16F7-4668-BE54-9A1E7A4F7556}") = "Baseline.Experiments", "Experiments\Baseline.Experiments\Baseline.Experiments.csproj", "{A1B2C3D4-EEEE-EEEE-EEEE-EEEEEEEEEEEE}"
EndProject
Project("{2150E333-8FDC-42A3-9474-1A3956D46DE8}") = "Core", "Core", "{F1000000-0000-0000-0000-000000000001}"
EndProject
Project("{2150E333-8FDC-42A3-9474-1A3956D46DE8}") = "Account", "Account", "{F1000000-0000-0000-0000-000000000002}"
EndProject
Project("{2150E333-8FDC-42A3-9474-1A3956D46DE8}") = "Navigation", "Navigation", "{F1000000-0000-0000-0000-000000000003}"
EndProject
Project("{2150E333-8FDC-42A3-9474-1A3956D46DE8}") = "Ecommerce", "Ecommerce", "{F1000000-0000-0000-0000-000000000004}"
EndProject
Project("{2150E333-8FDC-42A3-9474-1A3956D46DE8}") = "Search", "Search", "{F1000000-0000-0000-0000-000000000005}"
EndProject
Project("{2150E333-8FDC-42A3-9474-1A3956D46DE8}") = "Localization", "Localization", "{F1000000-0000-0000-0000-000000000006}"
EndProject
Project("{2150E333-8FDC-42A3-9474-1A3956D46DE8}") = "TabbedPages", "TabbedPages", "{F1000000-0000-0000-0000-000000000008}"
EndProject
Project("{2150E333-8FDC-42A3-9474-1A3956D46DE8}") = "DigitalMarketing", "DigitalMarketing", "{F1000000-0000-0000-0000-000000000009}"
EndProject
Project("{2150E333-8FDC-42A3-9474-1A3956D46DE8}") = "DataProtection", "DataProtection", "{F1000000-0000-0000-0000-00000000000A}"
EndProject
Project("{2150E333-8FDC-42A3-9474-1A3956D46DE8}") = "Forms", "Forms", "{F1000000-0000-0000-0000-00000000000B}"
EndProject
Project("{2150E333-8FDC-42A3-9474-1A3956D46DE8}") = "EmailMarketing", "EmailMarketing", "{F1000000-0000-0000-0000-00000000000C}"
EndProject
Project("{2150E333-8FDC-42A3-9474-1A3956D46DE8}") = "AI", "AI", "{F1000000-0000-0000-0000-00000000000D}"
EndProject
Project("{2150E333-8FDC-42A3-9474-1A3956D46DE8}") = "Experiments", "Experiments", "{F1000000-0000-0000-0000-00000000000E}"
EndProject
Project("{FAE04EC0-301F-11D3-BF4B-00C04F79EFBC}") = "Baseline.AI.Admin", "AI\Baseline.AI.Admin\Baseline.AI.Admin.csproj", "{C763BF4A-012F-4497-9A79-DCF62CD351B2}"
EndProject
Project("{FAE04EC0-301F-11D3-BF4B-00C04F79EFBC}") = "Baseline.Core.MCP", "Core\Baseline.Core.MCP\Baseline.Core.MCP.csproj", "{702B4F28-6630-47E9-AA14-381A42EBA951}"
EndProject
Project("{2150E333-8FDC-42A3-9474-1A3956D46DE8}") = "MediaTools", "MediaTools", "{C16E5933-FA20-871C-54B2-28DE5BF5E8E3}"
EndProject
Project("{FAE04EC0-301F-11D3-BF4B-00C04F79EFBC}") = "Baseline.MediaTools.Admin", "MediaTools\Baseline.MediaTools.Admin\Baseline.MediaTools.Admin.csproj", "{E1F102AB-AA48-4212-8E68-976B77118634}"
EndProject
Project("{2150E333-8FDC-42A3-9474-1A3956D46DE8}") = "Automation", "Automation", "{BE4A8008-4A00-8C08-26C2-BD576741EBBE}"
EndProject
Project("{FAE04EC0-301F-11D3-BF4B-00C04F79EFBC}") = "Baseline.Automation", "Automation\Baseline.Automation\Baseline.Automation.csproj", "{B7B9F7C7-46C0-43EF-B123-3AD8FD039824}"
EndProject
Project("{FAE04EC0-301F-11D3-BF4B-00C04F79EFBC}") = "Baseline.Core.Generators", "Core\Baseline.Core.Generators\Baseline.Core.Generators.csproj", "{AC1D98EB-DF3F-49B4-B370-E44FC53E74E0}"
EndProject
Project("{FAE04EC0-301F-11D3-BF4B-00C04F79EFBC}") = "Baseline.Forms.RCL", "Forms\Baseline.Forms.RCL\Baseline.Forms.RCL.csproj", "{30DE147C-B0F6-4948-B9F3-5035009F831F}"
EndProject
Project("{2150E333-8FDC-42A3-9474-1A3956D46DE8}") = "SEO", "SEO", "{24CC916F-8D83-3EE0-8CC0-D2E38E130230}"
EndProject
Project("{FAE04EC0-301F-11D3-BF4B-00C04F79EFBC}") = "Baseline.SEO", "SEO\Baseline.SEO\Baseline.SEO.csproj", "{642669A8-FF47-4D3A-8142-5BA8EE20F1A3}"
EndProject
Project("{2150E333-8FDC-42A3-9474-1A3956D46DE8}") = "Tools", "Tools", "{07C2787E-EAC7-C090-1BA3-A61EC2A24D84}"
EndProject
Project("{FAE04EC0-301F-11D3-BF4B-00C04F79EFBC}") = "Baseline.Cli", "Tools\Baseline.Cli\Baseline.Cli.csproj", "{900C33C2-7745-4348-843D-19E945F73B70}"
EndProject
Global
	GlobalSection(SolutionConfigurationPlatforms) = preSolution
		Debug|Any CPU = Debug|Any CPU
		Debug|x64 = Debug|x64
		Debug|x86 = Debug|x86
		Release|Any CPU = Release|Any CPU
		Release|x64 = Release|x64
		Release|x86 = Release|x86
	EndGlobalSection
	GlobalSection(ProjectConfigurationPlatforms) = postSolution
		{A1B2C3D4-1111-1111-1111-111111111111}.Debug|Any CPU.ActiveCfg = Debug|Any CPU
		{A1B2C3D4-1111-1111-1111-111111111111}.Debug|Any CPU.Build.0 = Debug|Any CPU
		{A1B2C3D4-1111-1111-1111-111111111111}.Debug|x64.ActiveCfg = Debug|Any CPU
		{A1B2C3D4-1111-1111-1111-111111111111}.Debug|x64.Build.0 = Debug|Any CPU
		{A1B2C3D4-1111-1111-1111-111111111111}.Debug|x86.ActiveCfg = Debug|Any CPU
		{A1B2C3D4-1111-1111-1111-111111111111}.Debug|x86.Build.0 = Debug|Any CPU
		{A1B2C3D4-1111-1111-1111-111111111111}.Release|Any CPU.ActiveCfg = Release|Any CPU
		{A1B2C3D4-1111-1111-1111-111111111111}.Release|Any CPU.Build.0 = Release|Any CPU
		{A1B2C3D4-1111-1111-1111-111111111111}.Release|x64.ActiveCfg = Release|Any CPU
		{A1B2C3D4-1111-1111-1111-111111111111}.Release|x64.Build.0 = Release|Any CPU
		{A1B2C3D4-1111-1111-1111-111111111111}.Release|x86.ActiveCfg = Release|Any CPU
		{A1B2C3D4-1111-1111-1111-111111111111}.Release|x86.Build.0 = Release|Any CPU
		{A1B2C3D4-1111-1111-1111-111111111112}.Debug|Any CPU.ActiveCfg = Debug|Any CPU
		{A1B2C3D4-1111-1111-1111-111111111112}.Debug|Any CPU.Build.0 = Debug|Any CPU
		{A1B2C3D4-1111-1111-1111-111111111112}.Debug|x64.ActiveCfg = Debug|Any CPU
		{A1B2C3D4-1111-1111-1111-111111111112}.Debug|x64.Build.0 = Debug|Any CPU
		{A1B2C3D4-1111-1111-1111-111111111112}.Debug|x86.ActiveCfg = Debug|Any CPU
		{A1B2C3D4-1111-1111-1111-111111111112}.Debug|x86.Build.0 = Debug|Any CPU
		{A1B2C3D4-1111-1111-1111-111111111112}.Release|Any CPU.ActiveCfg = Release|Any CPU
		{A1B2C3D4-1111-1111-1111-111111111112}.Release|Any CPU.Build.0 = Release|Any CPU
		{A1B2C3D4-1111-1111-1111-111111111112}.Release|x64.ActiveCfg = Release|Any CPU
		{A1B2C3D4-1111-1111-1111-111111111112}.Release|x64.Build.0 = Release|Any CPU
		{A1B2C3D4-1111-1111-1111-111111111112}.Release|x86.ActiveCfg = Release|Any CPU
		{A1B2C3D4-1111-1111-1111-111111111112}.Release|x86.Build.0 = Release|Any CPU
		{A1B2C3D4-1111-1111-1111-111111111113}.Debug|Any CPU.ActiveCfg = Debug|Any CPU
		{A1B2C3D4-1111-1111-1111-111111111113}.Debug|Any CPU.Build.0 = Debug|Any CPU
		{A1B2C3D4-1111-1111-1111-111111111113}.Debug|x64.ActiveCfg = Debug|Any CPU
		{A1B2C3D4-1111-1111-1111-111111111113}.Debug|x64.Build.0 = Debug|Any CPU
		{A1B2C3D4-1111-1111-1111-111111111113}.Debug|x86.ActiveCfg = Debug|Any CPU
		{A1B2C3D4-1111-1111-1111-111111111113}.Debug|x86.Build.0 = Debug|Any CPU
		{A1B2C3D4-1111-1111-1111-111111111113}.Release|Any CPU.ActiveCfg = Release|Any CPU
		{A1B2C3D4-1111-1111-1111-111111111113}.Release|Any CPU.Build.0 = Release|Any CPU
		{A1B2C3D4-1111-1111-1111-111111111113}.Release|x64.ActiveCfg = Release|Any CPU
		{A1B2C3D4-1111-1111-1111-111111111113}.Release|x64.Build.0 = Release|Any CPU
		{A1B2C3D4-1111-1111-1111-111111111113}.Release|x86.ActiveCfg = Release|Any CPU
		{A1B2C3D4-1111-1111-1111-111111111113}.Release|x86.Build.0 = Release|Any CPU
		{A1B2C3D4-2222-2222-2222-222222222221}.Debug|Any CPU.ActiveCfg = Debug|Any CPU
		{A1B2C3D4-2222-2222-2222-222222222221}.Debug|Any CPU.Build.0 = Debug|Any CPU
		{A1B2C3D4-2222-2222-2222-222222222221}.Debug|x64.ActiveCfg = Debug|Any CPU
		{A1B2C3D4-2222-2222-2222-222222222221}.Debug|x64.Build.0 = Debug|Any CPU
		{A1B2C3D4-2222-2222-2222-222222222221}.Debug|x86.ActiveCfg = Debug|Any CPU
		{A1B2C3D4-2222-2222-2222-222222222221}.Debug|x86.Build.0 = Debug|Any CPU
		{A1B2C3D4-2222-2222-2222-222222222221}.Release|Any CPU.ActiveCfg = Release|Any CPU
		{A1B2C3D4-2222-2222-2222-222222222221}.Release|Any CPU.Build.0 = Release|Any CPU
		{A1B2C3D4-2222-2222-2222-222222222221}.Release|x64.ActiveCfg = Release|Any CPU
		{A1B2C3D4-2222-2222-2222-222222222221}.Release|x64.Build.0 = Release|Any CPU
		{A1B2C3D4-2222-2222-2222-222222222221}.Release|x86.ActiveCfg = Release|Any CPU
		{A1B2C3D4-2222-2222-2222-222222222221}.Release|x86.Build.0 = Release|Any CPU
		{A1B2C3D4-2222-2222-2222-222222222222}.Debug|Any CPU.ActiveCfg = Debug|Any CPU
		{A1B2C3D4-2222-2222-2222-222222222222}.Debug|Any CPU.Build.0 = Debug|Any CPU
		{A1B2C3D4-2222-2222-2222-222222222222}.Debug|x64.ActiveCfg = Debug|Any CPU
		{A1B2C3D4-2222-2222-2222-222222222222}.Debug|x64.Build.0 = Debug|Any CPU
		{A1B2C3D4-2222-2222-2222-222222222222}.Debug|x86.ActiveCfg = Debug|Any CPU
		{A1B2C3D4-2222-2222-2222-222222222222}.Debug|x86.Build.0 = Debug|Any CPU
		{A1B2C3D4-2222-2222-2222-222222222222}.Release|Any CPU.ActiveCfg = Release|Any CPU
		{A1B2C3D4-2222-2222-2222-222222222222}.Release|Any CPU.Build.0 = Release|Any CPU
		{A1B2C3D4-2222-2222-2222-222222222222}.Release|x64.ActiveCfg = Release|Any CPU
		{A1B2C3D4-2222-2222-2222-222222222222}.Release|x64.Build.0 = Release|Any CPU
		{A1B2C3D4-2222-2222-2222-222222222222}.Release|x86.ActiveCfg = Release|Any CPU
		{A1B2C3D4-2222-2222-2222-222222222222}.Release|x86.Build.0 = Release|Any CPU
		{A1B2C3D4-2222-2222-2222-222222222223}.Debug|Any CPU.ActiveCfg = Debug|Any CPU
		{A1B2C3D4-2222-2222-2222-222222222223}.Debug|Any CPU.Build.0 = Debug|Any CPU
		{A1B2C3D4-2222-2222-2222-222222222223}.Debug|x64.ActiveCfg = Debug|Any CPU
		{A1B2C3D4-2222-2222-2222-222222222223}.Debug|x64.Build.0 = Debug|Any CPU
		{A1B2C3D4-2222-2222-2222-222222222223}.Debug|x86.ActiveCfg = Debug|Any CPU
		{A1B2C3D4-2222-2222-2222-222222222223}.Debug|x86.Build.0 = Debug|Any CPU
		{A1B2C3D4-2222-2222-2222-222222222223}.Release|Any CPU.ActiveCfg = Release|Any CPU
		{A1B2C3D4-2222-2222-2222-222222222223}.Release|Any CPU.Build.0 = Release|Any CPU
		{A1B2C3D4-2222-2222-2222-222222222223}.Release|x64.ActiveCfg = Release|Any CPU
		{A1B2C3D4-2222-2222-2222-222222222223}.Release|x64.Build.0 = Release|Any CPU
		{A1B2C3D4-2222-2222-2222-222222222223}.Release|x86.ActiveCfg = Release|Any CPU
		{A1B2C3D4-2222-2222-2222-222222222223}.Release|x86.Build.0 = Release|Any CPU
		{A1B2C3D4-3333-3333-3333-333333333331}.Debug|Any CPU.ActiveCfg = Debug|Any CPU
		{A1B2C3D4-3333-3333-3333-333333333331}.Debug|Any CPU.Build.0 = Debug|Any CPU
		{A1B2C3D4-3333-3333-3333-333333333331}.Debug|x64.ActiveCfg = Debug|Any CPU
		{A1B2C3D4-3333-3333-3333-333333333331}.Debug|x64.Build.0 = Debug|Any CPU
		{A1B2C3D4-3333-3333-3333-333333333331}.Debug|x86.ActiveCfg = Debug|Any CPU
		{A1B2C3D4-3333-3333-3333-333333333331}.Debug|x86.Build.0 = Debug|Any CPU
		{A1B2C3D4-3333-3333-3333-333333333331}.Release|Any CPU.ActiveCfg = Release|Any CPU
		{A1B2C3D4-3333-3333-3333-333333333331}.Release|Any CPU.Build.0 = Release|Any CPU
		{A1B2C3D4-3333-3333-3333-333333333331}.Release|x64.ActiveCfg = Release|Any CPU
		{A1B2C3D4-3333-3333-3333-333333333331}.Release|x64.Build.0 = Release|Any CPU
		{A1B2C3D4-3333-3333-3333-333333333331}.Release|x86.ActiveCfg = Release|Any CPU
		{A1B2C3D4-3333-3333-3333-333333333331}.Release|x86.Build.0 = Release|Any CPU
		{A1B2C3D4-3333-3333-3333-333333333332}.Debug|Any CPU.ActiveCfg = Debug|Any CPU
		{A1B2C3D4-3333-3333-3333-333333333332}.Debug|Any CPU.Build.0 = Debug|Any CPU
		{A1B2C3D4-3333-3333-3333-333333333332}.Debug|x64.ActiveCfg = Debug|Any CPU
		{A1B2C3D4-3333-3333-3333-333333333332}.Debug|x64.Build.0 = Debug|Any CPU
		{A1B2C3D4-3333-3333-3333-333333333332}.Debug|x86.ActiveCfg = Debug|Any CPU
		{A1B2C3D4-3333-3333-3333-333333333332}.Debug|x86.Build.0 = Debug|Any CPU
		{A1B2C3D4-3333-3333-3333-333333333332}.Release|Any CPU.ActiveCfg = Release|Any CPU
		{A1B2C3D4-3333-3333-3333-333333333332}.Release|Any CPU.Build.0 = Release|Any CPU
		{A1B2C3D4-3333-3333-3333-333333333332}.Release|x64.ActiveCfg = Release|Any CPU
		{A1B2C3D4-3333-3333-3333-333333333332}.Release|x64.Build.0 = Release|Any CPU
		{A1B2C3D4-3333-3333-3333-333333333332}.Release|x86.ActiveCfg = Release|Any CPU
		{A1B2C3D4-3333-3333-3333-333333333332}.Release|x86.Build.0 = Release|Any CPU
		{A1B2C3D4-3333-3333-3333-333333333333}.Debug|Any CPU.ActiveCfg = Debug|Any CPU
		{A1B2C3D4-3333-3333-3333-333333333333}.Debug|Any CPU.Build.0 = Debug|Any CPU
		{A1B2C3D4-3333-3333-3333-333333333333}.Debug|x64.ActiveCfg = Debug|Any CPU
		{A1B2C3D4-3333-3333-3333-333333333333}.Debug|x64.Build.0 = Debug|Any CPU
		{A1B2C3D4-3333-3333-3333-333333333333}.Debug|x86.ActiveCfg = Debug|Any CPU
		{A1B2C3D4-3333-3333-3333-333333333333}.Debug|x86.Build.0 = Debug|Any CPU
		{A1B2C3D4-3333-3333-3333-333333333333}.Release|Any CPU.ActiveCfg = Release|Any CPU
		{A1B2C3D4-3333-3333-3333-333333333333}.Release|Any CPU.Build.0 = Release|Any CPU
		{A1B2C3D4-3333-3333-3333-333333333333}.Release|x64.ActiveCfg = Release|Any CPU
		{A1B2C3D4-3333-3333-3333-333333333333}.Release|x64.Build.0 = Release|Any CPU
		{A1B2C3D4-3333-3333-3333-333333333333}.Release|x86.ActiveCfg = Release|Any CPU
		{A1B2C3D4-3333-3333-3333-333333333333}.Release|x86.Build.0 = Release|Any CPU
		{A1B2C3D4-4444-4444-4444-444444444441}.Debug|Any CPU.ActiveCfg = Debug|Any CPU
		{A1B2C3D4-4444-4444-4444-444444444441}.Debug|Any CPU.Build.0 = Debug|Any CPU
		{A1B2C3D4-4444-4444-4444-444444444441}.Debug|x64.ActiveCfg = Debug|Any CPU
		{A1B2C3D4-4444-4444-4444-444444444441}.Debug|x64.Build.0 = Debug|Any CPU
		{A1B2C3D4-4444-4444-4444-444444444441}.Debug|x86.ActiveCfg = Debug|Any CPU
		{A1B2C3D4-4444-4444-4444-444444444441}.Debug|x86.Build.0 = Debug|Any CPU
		{A1B2C3D4-4444-4444-4444-444444444441}.Release|Any CPU.ActiveCfg = Release|Any CPU
		{A1B2C3D4-4444-4444-4444-444444444441}.Release|Any CPU.Build.0 = Release|Any CPU
		{A1B2C3D4-4444-4444-4444-444444444441}.Release|x64.ActiveCfg = Release|Any CPU
		{A1B2C3D4-4444-4444-4444-444444444441}.Release|x64.Build.0 = Release|Any CPU
		{A1B2C3D4-4444-4444-4444-444444444441}.Release|x86.ActiveCfg = Release|Any CPU
		{A1B2C3D4-4444-4444-4444-444444444441}.Release|x86.Build.0 = Release|Any CPU
		{A1B2C3D4-4444-4444-4444-444444444442}.Debug|Any CPU.ActiveCfg = Debug|Any CPU
		{A1B2C3D4-4444-4444-4444-444444444442}.Debug|Any CPU.Build.0 = Debug|Any CPU
		{A1B2C3D4-4444-4444-4444-444444444442}.Debug|x64.ActiveCfg = Debug|Any CPU
		{A1B2C3D4-4444-4444-4444-444444444442}.Debug|x64.Build.0 = Debug|Any CPU
		{A1B2C3D4-4444-4444-4444-444444444442}.Debug|x86.ActiveCfg = Debug|Any CPU
		{A1B2C3D4-4444-4444-4444-444444444442}.Debug|x86.Build.0 = Debug|Any CPU
		{A1B2C3D4-4444-4444-4444-444444444442}.Release|Any CPU.ActiveCfg = Release|Any CPU
		{A1B2C3D4-4444-4444-4444-444444444442}.Release|Any CPU.Build.0 = Release|Any CPU
		{A1B2C3D4-4444-4444-4444-444444444442}.Release|x64.ActiveCfg = Release|Any CPU
		{A1B2C3D4-4444-4444-4444-444444444442}.Release|x64.Build.0 = Release|Any CPU
		{A1B2C3D4-4444-4444-4444-444444444442}.Release|x86.ActiveCfg = Release|Any CPU
		{A1B2C3D4-4444-4444-4444-444444444442}.Release|x86.Build.0 = Release|Any CPU
		{A1B2C3D4-4444-4444-4444-444444444443}.Debug|Any CPU.ActiveCfg = Debug|Any CPU
		{A1B2C3D4-4444-4444-4444-444444444443}.Debug|Any CPU.Build.0 = Debug|Any CPU
		{A1B2C3D4-4444-4444-4444-444444444443}.Debug|x64.ActiveCfg = Debug|Any CPU
		{A1B2C3D4-4444-4444-4444-444444444443}.Debug|x64.Build.0 = Debug|Any CPU
		{A1B2C3D4-4444-4444-4444-444444444443}.Debug|x86.ActiveCfg = Debug|Any CPU
		{A1B2C3D4-4444-4444-4444-444444444443}.Debug|x86.Build.0 = Debug|Any CPU
		{A1B2C3D4-4444-4444-4444-444444444443}.Release|Any CPU.ActiveCfg = Release|Any CPU
		{A1B2C3D4-4444-4444-4444-444444444443}.Release|Any CPU.Build.0 = Release|Any CPU
		{A1B2C3D4-4444-4444-4444-444444444443}.Release|x64.ActiveCfg = Release|Any CPU
		{A1B2C3D4-4444-4444-4444-444444444443}.Release|x64.Build.0 = Release|Any CPU
		{A1B2C3D4-4444-4444-4444-444444444443}.Release|x86.ActiveCfg = Release|Any CPU
		{A1B2C3D4-4444-4444-4444-444444444443}.Release|x86.Build.0 = Release|Any CPU
		{A1B2C3D4-5555-5555-5555-555555555551}.Debug|Any CPU.ActiveCfg = Debug|Any CPU
		{A1B2C3D4-5555-5555-5555-555555555551}.Debug|Any CPU.Build.0 = Debug|Any CPU
		{A1B2C3D4-5555-5555-5555-555555555551}.Debug|x64.ActiveCfg = Debug|Any CPU
		{A1B2C3D4-5555-5555-5555-555555555551}.Debug|x64.Build.0 = Debug|Any CPU
		{A1B2C3D4-5555-5555-5555-555555555551}.Debug|x86.ActiveCfg = Debug|Any CPU
		{A1B2C3D4-5555-5555-5555-555555555551}.Debug|x86.Build.0 = Debug|Any CPU
		{A1B2C3D4-5555-5555-5555-555555555551}.Release|Any CPU.ActiveCfg = Release|Any CPU
		{A1B2C3D4-5555-5555-5555-555555555551}.Release|Any CPU.Build.0 = Release|Any CPU
		{A1B2C3D4-5555-5555-5555-555555555551}.Release|x64.ActiveCfg = Release|Any CPU
		{A1B2C3D4-5555-5555-5555-555555555551}.Release|x64.Build.0 = Release|Any CPU
		{A1B2C3D4-5555-5555-5555-555555555551}.Release|x86.ActiveCfg = Release|Any CPU
		{A1B2C3D4-5555-5555-5555-555555555551}.Release|x86.Build.0 = Release|Any CPU
		{A1B2C3D4-5555-5555-5555-555555555552}.Debug|Any CPU.ActiveCfg = Debug|Any CPU
		{A1B2C3D4-5555-5555-5555-555555555552}.Debug|Any CPU.Build.0 = Debug|Any CPU
		{A1B2C3D4-5555-5555-5555-555555555552}.Debug|x64.ActiveCfg = Debug|Any CPU
		{A1B2C3D4-5555-5555-5555-555555555552}.Debug|x64.Build.0 = Debug|Any CPU
		{A1B2C3D4-5555-5555-5555-555555555552}.Debug|x86.ActiveCfg = Debug|Any CPU
		{A1B2C3D4-5555-5555-5555-555555555552}.Debug|x86.Build.0 = Debug|Any CPU
		{A1B2C3D4-5555-5555-5555-555555555552}.Release|Any CPU.ActiveCfg = Release|Any CPU
		{A1B2C3D4-5555-5555-5555-555555555552}.Release|Any CPU.Build.0 = Release|Any CPU
		{A1B2C3D4-5555-5555-5555-555555555552}.Release|x64.ActiveCfg = Release|Any CPU
		{A1B2C3D4-5555-5555-5555-555555555552}.Release|x64.Build.0 = Release|Any CPU
		{A1B2C3D4-5555-5555-5555-555555555552}.Release|x86.ActiveCfg = Release|Any CPU
		{A1B2C3D4-5555-5555-5555-555555555552}.Release|x86.Build.0 = Release|Any CPU
		{A1B2C3D4-5555-5555-5555-555555555553}.Debug|Any CPU.ActiveCfg = Debug|Any CPU
		{A1B2C3D4-5555-5555-5555-555555555553}.Debug|Any CPU.Build.0 = Debug|Any CPU
		{A1B2C3D4-5555-5555-5555-555555555553}.Debug|x64.ActiveCfg = Debug|Any CPU
		{A1B2C3D4-5555-5555-5555-555555555553}.Debug|x64.Build.0 = Debug|Any CPU
		{A1B2C3D4-5555-5555-5555-555555555553}.Debug|x86.ActiveCfg = Debug|Any CPU
		{A1B2C3D4-5555-5555-5555-555555555553}.Debug|x86.Build.0 = Debug|Any CPU
		{A1B2C3D4-5555-5555-5555-555555555553}.Release|Any CPU.ActiveCfg = Release|Any CPU
		{A1B2C3D4-5555-5555-5555-555555555553}.Release|Any CPU.Build.0 = Release|Any CPU
		{A1B2C3D4-5555-5555-5555-555555555553}.Release|x64.ActiveCfg = Release|Any CPU
		{A1B2C3D4-5555-5555-5555-555555555553}.Release|x64.Build.0 = Release|Any CPU
		{A1B2C3D4-5555-5555-5555-555555555553}.Release|x86.ActiveCfg = Release|Any CPU
		{A1B2C3D4-5555-5555-5555-555555555553}.Release|x86.Build.0 = Release|Any CPU
		{A1B2C3D4-5555-5555-5555-555555555554}.Debug|Any CPU.ActiveCfg = Debug|Any CPU
		{A1B2C3D4-5555-5555-5555-555555555554}.Debug|Any CPU.Build.0 = Debug|Any CPU
		{A1B2C3D4-5555-5555-5555-555555555554}.Debug|x64.ActiveCfg = Debug|Any CPU
		{A1B2C3D4-5555-5555-5555-555555555554}.Debug|x64.Build.0 = Debug|Any CPU
		{A1B2C3D4-5555-5555-5555-555555555554}.Debug|x86.ActiveCfg = Debug|Any CPU
		{A1B2C3D4-5555-5555-5555-555555555554}.Debug|x86.Build.0 = Debug|Any CPU
		{A1B2C3D4-5555-5555-5555-555555555554}.Release|Any CPU.ActiveCfg = Release|Any CPU
		{A1B2C3D4-5555-5555-5555-555555555554}.Release|Any CPU.Build.0 = Release|Any CPU
		{A1B2C3D4-5555-5555-5555-555555555554}.Release|x64.ActiveCfg = Release|Any CPU
		{A1B2C3D4-5555-5555-5555-555555555554}.Release|x64.Build.0 = Release|Any CPU
		{A1B2C3D4-5555-5555-5555-555555555554}.Release|x86.ActiveCfg = Release|Any CPU
		{A1B2C3D4-5555-5555-5555-555555555554}.Release|x86.Build.0 = Release|Any CPU
		{A1B2C3D4-6666-6666-6666-666666666661}.Debug|Any CPU.ActiveCfg = Debug|Any CPU
		{A1B2C3D4-6666-6666-6666-666666666661}.Debug|Any CPU.Build.0 = Debug|Any CPU
		{A1B2C3D4-6666-6666-6666-666666666661}.Debug|x64.ActiveCfg = Debug|Any CPU
		{A1B2C3D4-6666-6666-6666-666666666661}.Debug|x64.Build.0 = Debug|Any CPU
		{A1B2C3D4-6666-6666-6666-666666666661}.Debug|x86.ActiveCfg = Debug|Any CPU
		{A1B2C3D4-6666-6666-6666-666666666661}.Debug|x86.Build.0 = Debug|Any CPU
		{A1B2C3D4-6666-6666-6666-666666666661}.Release|Any CPU.ActiveCfg = Release|Any CPU
		{A1B2C3D4-6666-6666-6666-666666666661}.Release|Any CPU.Build.0 = Release|Any CPU
		{A1B2C3D4-6666-6666-6666-666666666661}.Release|x64.ActiveCfg = Release|Any CPU
		{A1B2C3D4-6666-6666-6666-666666666661}.Release|x64.Build.0 = Release|Any CPU
		{A1B2C3D4-6666-6666-6666-666666666661}.Release|x86.ActiveCfg = Release|Any CPU
		{A1B2C3D4-6666-6666-6666-666666666661}.Release|x86.Build.0 = Release|Any CPU
		{A1B2C3D4-6666-6666-6666-666666666662}.Debug|Any CPU.ActiveCfg = Debug|Any CPU
		{A1B2C3D4-6666-6666-6666-666666666662}.Debug|Any CPU.Build.0 = Debug|Any CPU
		{A1B2C3D4-6666-6666-6666-666666666662}.Debug|x64.ActiveCfg = Debug|Any CPU
		{A1B2C3D4-6666-6666-6666-666666666662}.Debug|x64.Build.0 = Debug|Any CPU
		{A1B2C3D4-6666-6666-6666-666666666662}.Debug|x86.ActiveCfg = Debug|Any CPU
		{A1B2C3D4-6666-6666-6666-666666666662}.Debug|x86.Build.0 = Debug|Any CPU
		{A1B2C3D4-6666-6666-6666-666666666662}.Release|Any CPU.ActiveCfg = Release|Any CPU
		{A1B2C3D4-6666-6666-6666-666666666662}.Release|Any CPU.Build.0 = Release|Any CPU
		{A1B2C3D4-6666-6666-6666-666666666662}.Release|x64.ActiveCfg = Release|Any CPU
		{A1B2C3D4-6666-6666-6666-666666666662}.Release|x64.Build.0 = Release|Any CPU
		{A1B2C3D4-6666-6666-6666-666666666662}.Release|x86.ActiveCfg = Release|Any CPU
		{A1B2C3D4-6666-6666-6666-666666666662}.Release|x86.Build.0 = Release|Any CPU
		{A1B2C3D4-6666-6666-6666-666666666663}.Debug|Any CPU.ActiveCfg = Debug|Any CPU
		{A1B2C3D4-6666-6666-6666-666666666663}.Debug|Any CPU.Build.0 = Debug|Any CPU
		{A1B2C3D4-6666-6666-6666-666666666663}.Debug|x64.ActiveCfg = Debug|Any CPU
		{A1B2C3D4-6666-6666-6666-666666666663}.Debug|x64.Build.0 = Debug|Any CPU
		{A1B2C3D4-6666-6666-6666-666666666663}.Debug|x86.ActiveCfg = Debug|Any CPU
		{A1B2C3D4-6666-6666-6666-666666666663}.Debug|x86.Build.0 = Debug|Any CPU
		{A1B2C3D4-6666-6666-6666-666666666663}.Release|Any CPU.ActiveCfg = Release|Any CPU
		{A1B2C3D4-6666-6666-6666-666666666663}.Release|Any CPU.Build.0 = Release|Any CPU
		{A1B2C3D4-6666-6666-6666-666666666663}.Release|x64.ActiveCfg = Release|Any CPU
		{A1B2C3D4-6666-6666-6666-666666666663}.Release|x64.Build.0 = Release|Any CPU
		{A1B2C3D4-6666-6666-6666-666666666663}.Release|x86.ActiveCfg = Release|Any CPU
		{A1B2C3D4-6666-6666-6666-666666666663}.Release|x86.Build.0 = Release|Any CPU
		{A1B2C3D4-8888-8888-8888-888888888881}.Debug|Any CPU.ActiveCfg = Debug|Any CPU
		{A1B2C3D4-8888-8888-8888-888888888881}.Debug|Any CPU.Build.0 = Debug|Any CPU
		{A1B2C3D4-8888-8888-8888-888888888881}.Debug|x64.ActiveCfg = Debug|Any CPU
		{A1B2C3D4-8888-8888-8888-888888888881}.Debug|x64.Build.0 = Debug|Any CPU
		{A1B2C3D4-8888-8888-8888-888888888881}.Debug|x86.ActiveCfg = Debug|Any CPU
		{A1B2C3D4-8888-8888-8888-888888888881}.Debug|x86.Build.0 = Debug|Any CPU
		{A1B2C3D4-8888-8888-8888-888888888881}.Release|Any CPU.ActiveCfg = Release|Any CPU
		{A1B2C3D4-8888-8888-8888-888888888881}.Release|Any CPU.Build.0 = Release|Any CPU
		{A1B2C3D4-8888-8888-8888-888888888881}.Release|x64.ActiveCfg = Release|Any CPU
		{A1B2C3D4-8888-8888-8888-888888888881}.Release|x64.Build.0 = Release|Any CPU
		{A1B2C3D4-8888-8888-8888-888888888881}.Release|x86.ActiveCfg = Release|Any CPU
		{A1B2C3D4-8888-8888-8888-888888888881}.Release|x86.Build.0 = Release|Any CPU
		{A1B2C3D4-8888-8888-8888-888888888882}.Debug|Any CPU.ActiveCfg = Debug|Any CPU
		{A1B2C3D4-8888-8888-8888-888888888882}.Debug|Any CPU.Build.0 = Debug|Any CPU
		{A1B2C3D4-8888-8888-8888-888888888882}.Debug|x64.ActiveCfg = Debug|Any CPU
		{A1B2C3D4-8888-8888-8888-888888888882}.Debug|x64.Build.0 = Debug|Any CPU
		{A1B2C3D4-8888-8888-8888-888888888882}.Debug|x86.ActiveCfg = Debug|Any CPU
		{A1B2C3D4-8888-8888-8888-888888888882}.Debug|x86.Build.0 = Debug|Any CPU
		{A1B2C3D4-8888-8888-8888-888888888882}.Release|Any CPU.ActiveCfg = Release|Any CPU
		{A1B2C3D4-8888-8888-8888-888888888882}.Release|Any CPU.Build.0 = Release|Any CPU
		{A1B2C3D4-8888-8888-8888-888888888882}.Release|x64.ActiveCfg = Release|Any CPU
		{A1B2C3D4-8888-8888-8888-888888888882}.Release|x64.Build.0 = Release|Any CPU
		{A1B2C3D4-8888-8888-8888-888888888882}.Release|x86.ActiveCfg = Release|Any CPU
		{A1B2C3D4-8888-8888-8888-888888888882}.Release|x86.Build.0 = Release|Any CPU
		{A1B2C3D4-8888-8888-8888-888888888883}.Debug|Any CPU.ActiveCfg = Debug|Any CPU
		{A1B2C3D4-8888-8888-8888-888888888883}.Debug|Any CPU.Build.0 = Debug|Any CPU
		{A1B2C3D4-8888-8888-8888-888888888883}.Debug|x64.ActiveCfg = Debug|Any CPU
		{A1B2C3D4-8888-8888-8888-888888888883}.Debug|x64.Build.0 = Debug|Any CPU
		{A1B2C3D4-8888-8888-8888-888888888883}.Debug|x86.ActiveCfg = Debug|Any CPU
		{A1B2C3D4-8888-8888-8888-888888888883}.Debug|x86.Build.0 = Debug|Any CPU
		{A1B2C3D4-8888-8888-8888-888888888883}.Release|Any CPU.ActiveCfg = Release|Any CPU
		{A1B2C3D4-8888-8888-8888-888888888883}.Release|Any CPU.Build.0 = Release|Any CPU
		{A1B2C3D4-8888-8888-8888-888888888883}.Release|x64.ActiveCfg = Release|Any CPU
		{A1B2C3D4-8888-8888-8888-888888888883}.Release|x64.Build.0 = Release|Any CPU
		{A1B2C3D4-8888-8888-8888-888888888883}.Release|x86.ActiveCfg = Release|Any CPU
		{A1B2C3D4-8888-8888-8888-888888888883}.Release|x86.Build.0 = Release|Any CPU
		{A1B2C3D4-9999-9999-9999-999999999991}.Debug|Any CPU.ActiveCfg = Debug|Any CPU
		{A1B2C3D4-9999-9999-9999-999999999991}.Debug|Any CPU.Build.0 = Debug|Any CPU
		{A1B2C3D4-9999-9999-9999-999999999991}.Debug|x64.ActiveCfg = Debug|Any CPU
		{A1B2C3D4-9999-9999-9999-999999999991}.Debug|x64.Build.0 = Debug|Any CPU
		{A1B2C3D4-9999-9999-9999-999999999991}.Debug|x86.ActiveCfg = Debug|Any CPU
		{A1B2C3D4-9999-9999-9999-999999999991}.Debug|x86.Build.0 = Debug|Any CPU
		{A1B2C3D4-9999-9999-9999-999999999991}.Release|Any CPU.ActiveCfg = Release|Any CPU
		{A1B2C3D4-9999-9999-9999-999999999991}.Release|Any CPU.Build.0 = Release|Any CPU
		{A1B2C3D4-9999-9999-9999-999999999991}.Release|x64.ActiveCfg = Release|Any CPU
		{A1B2C3D4-9999-9999-9999-999999999991}.Release|x64.Build.0 = Release|Any CPU
		{A1B2C3D4-9999-9999-9999-999999999991}.Release|x86.ActiveCfg = Release|Any CPU
		{A1B2C3D4-9999-9999-9999-999999999991}.Release|x86.Build.0 = Release|Any CPU
		{A1B2C3D4-AAAA-AAAA-AAAA-AAAAAAAAAAAA}.Debug|Any CPU.ActiveCfg = Debug|Any CPU
		{A1B2C3D4-AAAA-AAAA-AAAA-AAAAAAAAAAAA}.Debug|Any CPU.Build.0 = Debug|Any CPU
		{A1B2C3D4-AAAA-AAAA-AAAA-AAAAAAAAAAAA}.Debug|x64.ActiveCfg = Debug|Any CPU
		{A1B2C3D4-AAAA-AAAA-AAAA-AAAAAAAAAAAA}.Debug|x64.Build.0 = Debug|Any CPU
		{A1B2C3D4-AAAA-AAAA-AAAA-AAAAAAAAAAAA}.Debug|x86.ActiveCfg = Debug|Any CPU
		{A1B2C3D4-AAAA-AAAA-AAAA-AAAAAAAAAAAA}.Debug|x86.Build.0 = Debug|Any CPU
		{A1B2C3D4-AAAA-AAAA-AAAA-AAAAAAAAAAAA}.Release|Any CPU.ActiveCfg = Release|Any CPU
		{A1B2C3D4-AAAA-AAAA-AAAA-AAAAAAAAAAAA}.Release|Any CPU.Build.0 = Release|Any CPU
		{A1B2C3D4-AAAA-AAAA-AAAA-AAAAAAAAAAAA}.Release|x64.ActiveCfg = Release|Any CPU
		{A1B2C3D4-AAAA-AAAA-AAAA-AAAAAAAAAAAA}.Release|x64.Build.0 = Release|Any CPU
		{A1B2C3D4-AAAA-AAAA-AAAA-AAAAAAAAAAAA}.Release|x86.ActiveCfg = Release|Any CPU
		{A1B2C3D4-AAAA-AAAA-AAAA-AAAAAAAAAAAA}.Release|x86.Build.0 = Release|Any CPU
		{A1B2C3D4-BBBB-BBBB-BBBB-BBBBBBBBBBBB}.Debug|Any CPU.ActiveCfg = Debug|Any CPU
		{A1B2C3D4-BBBB-BBBB-BBBB-BBBBBBBBBBBB}.Debug|Any CPU.Build.0 = Debug|Any CPU
		{A1B2C3D4-BBBB-BBBB-BBBB-BBBBBBBBBBBB}.Debug|x64.ActiveCfg = Debug|Any CPU
		{A1B2C3D4-BBBB-BBBB-BBBB-BBBBBBBBBBBB}.Debug|x64.Build.0 = Debug|Any CPU
		{A1B2C3D4-BBBB-BBBB-BBBB-BBBBBBBBBBBB}.Debug|x86.ActiveCfg = Debug|Any CPU
		{A1B2C3D4-BBBB-BBBB-BBBB-BBBBBBBBBBBB}.Debug|x86.Build.0 = Debug|Any CPU
		{A1B2C3D4-BBBB-BBBB-BBBB-BBBBBBBBBBBB}.Release|Any CPU.ActiveCfg = Release|Any CPU
		{A1B2C3D4-BBBB-BBBB-BBBB-BBBBBBBBBBBB}.Release|Any CPU.Build.0 = Release|Any CPU
		{A1B2C3D4-BBBB-BBBB-BBBB-BBBBBBBBBBBB}.Release|x64.ActiveCfg = Release|Any CPU
		{A1B2C3D4-BBBB-BBBB-BBBB-BBBBBBBBBBBB}.Release|x64.Build.0 = Release|Any CPU
		{A1B2C3D4-BBBB-BBBB-BBBB-BBBBBBBBBBBB}.Release|x86.ActiveCfg = Release|Any CPU
		{A1B2C3D4-BBBB-BBBB-BBBB-BBBBBBBBBBBB}.Release|x86.Build.0 = Release|Any CPU
		{A1B2C3D4-CCCC-CCCC-CCCC-CCCCCCCCCCCC}.Debug|Any CPU.ActiveCfg = Debug|Any CPU
		{A1B2C3D4-CCCC-CCCC-CCCC-CCCCCCCCCCCC}.Debug|Any CPU.Build.0 = Debug|Any CPU
		{A1B2C3D4-CCCC-CCCC-CCCC-CCCCCCCCCCCC}.Debug|x64.ActiveCfg = Debug|Any CPU
		{A1B2C3D4-CCCC-CCCC-CCCC-CCCCCCCCCCCC}.Debug|x64.Build.0 = Debug|Any CPU
		{A1B2C3D4-CCCC-CCCC-CCCC-CCCCCCCCCCCC}.Debug|x86.ActiveCfg = Debug|Any CPU
		{A1B2C3D4-CCCC-CCCC-CCCC-CCCCCCCCCCCC}.Debug|x86.Build.0 = Debug|Any CPU
		{A1B2C3D4-CCCC-CCCC-CCCC-CCCCCCCCCCCC}.Release|Any CPU.ActiveCfg = Release|Any CPU
		{A1B2C3D4-CCCC-CCCC-CCCC-CCCCCCCCCCCC}.Release|Any CPU.Build.0 = Release|Any CPU
		{A1B2C3D4-CCCC-CCCC-CCCC-CCCCCCCCCCCC}.Release|x64.ActiveCfg = Release|Any CPU
		{A1B2C3D4-CCCC-CCCC-CCCC-CCCCCCCCCCCC}.Release|x64.Build.0 = Release|Any CPU
		{A1B2C3D4-CCCC-CCCC-CCCC-CCCCCCCCCCCC}.Release|x86.ActiveCfg = Release|Any CPU
		{A1B2C3D4-CCCC-CCCC-CCCC-CCCCCCCCCCCC}.Release|x86.Build.0 = Release|Any CPU
		{A1B2C3D4-DDDD-DDDD-DDDD-DDDDDDDDDDDD}.Debug|Any CPU.ActiveCfg = Debug|Any CPU
		{A1B2C3D4-DDDD-DDDD-DDDD-DDDDDDDDDDDD}.Debug|Any CPU.Build.0 = Debug|Any CPU
		{A1B2C3D4-DDDD-DDDD-DDDD-DDDDDDDDDDDD}.Debug|x64.ActiveCfg = Debug|Any CPU
		{A1B2C3D4-DDDD-DDDD-DDDD-DDDDDDDDDDDD}.Debug|x64.Build.0 = Debug|Any CPU
		{A1B2C3D4-DDDD-DDDD-DDDD-DDDDDDDDDDDD}.Debug|x86.ActiveCfg = Debug|Any CPU
		{A1B2C3D4-DDDD-DDDD-DDDD-DDDDDDDDDDDD}.Debug|x86.Build.0 = Debug|Any CPU
		{A1B2C3D4-DDDD-DDDD-DDDD-DDDDDDDDDDDD}.Release|Any CPU.ActiveCfg = Release|Any CPU
		{A1B2C3D4-DDDD-DDDD-DDDD-DDDDDDDDDDDD}.Release|Any CPU.Build.0 = Release|Any CPU
		{A1B2C3D4-DDDD-DDDD-DDDD-DDDDDDDDDDDD}.Release|x64.ActiveCfg = Release|Any CPU
		{A1B2C3D4-DDDD-DDDD-DDDD-DDDDDDDDDDDD}.Release|x64.Build.0 = Release|Any CPU
		{A1B2C3D4-DDDD-DDDD-DDDD-DDDDDDDDDDDD}.Release|x86.ActiveCfg = Release|Any CPU
		{A1B2C3D4-DDDD-DDDD-DDDD-DDDDDDDDDDDD}.Release|x86.Build.0 = Release|Any CPU
		{A1B2C3D4-EEEE-EEEE-EEEE-EEEEEEEEEEEE}.Debug|Any CPU.ActiveCfg = Debug|Any CPU
		{A1B2C3D4-EEEE-EEEE-EEEE-EEEEEEEEEEEE}.Debug|Any CPU.Build.0 = Debug|Any CPU
		{A1B2C3D4-EEEE-EEEE-EEEE-EEEEEEEEEEEE}.Debug|x64.ActiveCfg = Debug|Any CPU
		{A1B2C3D4-EEEE-EEEE-EEEE-EEEEEEEEEEEE}.Debug|x64.Build.0 = Debug|Any CPU
		{A1B2C3D4-EEEE-EEEE-EEEE-EEEEEEEEEEEE}.Debug|x86.ActiveCfg = Debug|Any CPU
		{A1B2C3D4-EEEE-EEEE-EEEE-EEEEEEEEEEEE}.Debug|x86.Build.0 = Debug|Any CPU
		{A1B2C3D4-EEEE-EEEE-EEEE-EEEEEEEEEEEE}.Release|Any CPU.ActiveCfg = Release|Any CPU
		{A1B2C3D4-EEEE-EEEE-EEEE-EEEEEEEEEEEE}.Release|Any CPU.Build.0 = Release|Any CPU
		{A1B2C3D4-EEEE-EEEE-EEEE-EEEEEEEEEEEE}.Release|x64.ActiveCfg = Release|Any CPU
		{A1B2C3D4-EEEE-EEEE-EEEE-EEEEEEEEEEEE}.Release|x64.Build.0 = Release|Any CPU
		{A1B2C3D4-EEEE-EEEE-EEEE-EEEEEEEEEEEE}.Release|x86.ActiveCfg = Release|Any CPU
		{A1B2C3D4-EEEE-EEEE-EEEE-EEEEEEEEEEEE}.Release|x86.Build.0 = Release|Any CPU
		{C763BF4A-012F-4497-9A79-DCF62CD351B2}.Debug|Any CPU.ActiveCfg = Debug|Any CPU
		{C763BF4A-012F-4497-9A79-DCF62CD351B2}.Debug|Any CPU.Build.0 = Debug|Any CPU
		{C763BF4A-012F-4497-9A79-DCF62CD351B2}.Debug|x64.ActiveCfg = Debug|Any CPU
		{C763BF4A-012F-4497-9A79-DCF62CD351B2}.Debug|x64.Build.0 = Debug|Any CPU
		{C763BF4A-012F-4497-9A79-DCF62CD351B2}.Debug|x86.ActiveCfg = Debug|Any CPU
		{C763BF4A-012F-4497-9A79-DCF62CD351B2}.Debug|x86.Build.0 = Debug|Any CPU
		{C763BF4A-012F-4497-9A79-DCF62CD351B2}.Release|Any CPU.ActiveCfg = Release|Any CPU
		{C763BF4A-012F-4497-9A79-DCF62CD351B2}.Release|Any CPU.Build.0 = Release|Any CPU
		{C763BF4A-012F-4497-9A79-DCF62CD351B2}.Release|x64.ActiveCfg = Release|Any CPU
		{C763BF4A-012F-4497-9A79-DCF62CD351B2}.Release|x64.Build.0 = Release|Any CPU
		{C763BF4A-012F-4497-9A79-DCF62CD351B2}.Release|x86.ActiveCfg = Release|Any CPU
		{C763BF4A-012F-4497-9A79-DCF62CD351B2}.Release|x86.Build.0 = Release|Any CPU
		{702B4F28-6630-47E9-AA14-381A42EBA951}.Debug|Any CPU.ActiveCfg = Debug|Any CPU
		{702B4F28-6630-47E9-AA14-381A42EBA951}.Debug|Any CPU.Build.0 = Debug|Any CPU
		{702B4F28-6630-47E9-AA14-381A42EBA951}.Debug|x64.ActiveCfg = Debug|Any CPU
		{702B4F28-6630-47E9-AA14-381A42EBA951}.Debug|x64.Build.0 = Debug|Any CPU
		{702B4F28-6630-47E9-AA14-381A42EBA951}.Debug|x86.ActiveCfg = Debug|Any CPU
		{702B4F28-6630-47E9-AA14-381A42EBA951}.Debug|x86.Build.0 = Debug|Any CPU
		{702B4F28-6630-47E9-AA14-381A42EBA951}.Release|Any CPU.ActiveCfg = Release|Any CPU
		{702B4F28-6630-47E9-AA14-381A42EBA951}.Release|Any CPU.Build.0 = Release|Any CPU
		{702B4F28-6630-47E9-AA14-381A42EBA951}.Release|x64.ActiveCfg = Release|Any CPU
		{702B4F28-6630-47E9-AA14-381A42EBA951}.Release|x64.Build.0 = Release|Any CPU
		{702B4F28-6630-47E9-AA14-381A42EBA951}.Release|x86.ActiveCfg = Release|Any CPU
		{702B4F28-6630-47E9-AA14-381A42EBA951}.Release|x86.Build.0 = Release|Any CPU
		{E1F102AB-AA48-4212-8E68-976B77118634}.Debug|Any CPU.ActiveCfg = Debug|Any CPU
		{E1F102AB-AA48-4212-8E68-976B77118634}.Debug|Any CPU.Build.0 = Debug|Any CPU
		{E1F102AB-AA48-4212-8E68-976B77118634}.Debug|x64.ActiveCfg = Debug|Any CPU
		{E1F102AB-AA48-4212-8E68-976B77118634}.Debug|x64.Build.0 = Debug|Any CPU
		{E1F102AB-AA48-4212-8E68-976B77118634}.Debug|x86.ActiveCfg = Debug|Any CPU
		{E1F102AB-AA48-4212-8E68-976B77118634}.Debug|x86.Build.0 = Debug|Any CPU
		{E1F102AB-AA48-4212-8E68-976B77118634}.Release|Any CPU.ActiveCfg = Release|Any CPU
		{E1F102AB-AA48-4212-8E68-976B77118634}.Release|Any CPU.Build.0 = Release|Any CPU
		{E1F102AB-AA48-4212-8E68-976B77118634}.Release|x64.ActiveCfg = Release|Any CPU
		{E1F102AB-AA48-4212-8E68-976B77118634}.Release|x64.Build.0 = Release|Any CPU
		{E1F102AB-AA48-4212-8E68-976B77118634}.Release|x86.ActiveCfg = Release|Any CPU
		{E1F102AB-AA48-4212-8E68-976B77118634}.Release|x86.Build.0 = Release|Any CPU
		{B7B9F7C7-46C0-43EF-B123-3AD8FD039824}.Debug|Any CPU.ActiveCfg = Debug|Any CPU
		{B7B9F7C7-46C0-43EF-B123-3AD8FD039824}.Debug|Any CPU.Build.0 = Debug|Any CPU
		{B7B9F7C7-46C0-43EF-B123-3AD8FD039824}.Debug|x64.ActiveCfg = Debug|Any CPU
		{B7B9F7C7-46C0-43EF-B123-3AD8FD039824}.Debug|x64.Build.0 = Debug|Any CPU
		{B7B9F7C7-46C0-43EF-B123-3AD8FD039824}.Debug|x86.ActiveCfg = Debug|Any CPU
		{B7B9F7C7-46C0-43EF-B123-3AD8FD039824}.Debug|x86.Build.0 = Debug|Any CPU
		{B7B9F7C7-46C0-43EF-B123-3AD8FD039824}.Release|Any CPU.ActiveCfg = Release|Any CPU
		{B7B9F7C7-46C0-43EF-B123-3AD8FD039824}.Release|Any CPU.Build.0 = Release|Any CPU
		{B7B9F7C7-46C0-43EF-B123-3AD8FD039824}.Release|x64.ActiveCfg = Release|Any CPU
		{B7B9F7C7-46C0-43EF-B123-3AD8FD039824}.Release|x64.Build.0 = Release|Any CPU
		{B7B9F7C7-46C0-43EF-B123-3AD8FD039824}.Release|x86.ActiveCfg = Release|Any CPU
		{B7B9F7C7-46C0-43EF-B123-3AD8FD039824}.Release|x86.Build.0 = Release|Any CPU
		{AC1D98EB-DF3F-49B4-B370-E44FC53E74E0}.Debug|Any CPU.ActiveCfg = Debug|Any CPU
		{AC1D98EB-DF3F-49B4-B370-E44FC53E74E0}.Debug|Any CPU.Build.0 = Debug|Any CPU
		{AC1D98EB-DF3F-49B4-B370-E44FC53E74E0}.Debug|x64.ActiveCfg = Debug|Any CPU
		{AC1D98EB-DF3F-49B4-B370-E44FC53E74E0}.Debug|x64.Build.0 = Debug|Any CPU
		{AC1D98EB-DF3F-49B4-B370-E44FC53E74E0}.Debug|x86.ActiveCfg = Debug|Any CPU
		{AC1D98EB-DF3F-49B4-B370-E44FC53E74E0}.Debug|x86.Build.0 = Debug|Any CPU
		{AC1D98EB-DF3F-49B4-B370-E44FC53E74E0}.Release|Any CPU.ActiveCfg = Release|Any CPU
		{AC1D98EB-DF3F-49B4-B370-E44FC53E74E0}.Release|Any CPU.Build.0 = Release|Any CPU
		{AC1D98EB-DF3F-49B4-B370-E44FC53E74E0}.Release|x64.ActiveCfg = Release|Any CPU
		{AC1D98EB-DF3F-49B4-B370-E44FC53E74E0}.Release|x64.Build.0 = Release|Any CPU
		{AC1D98EB-DF3F-49B4-B370-E44FC53E74E0}.Release|x86.ActiveCfg = Release|Any CPU
		{AC1D98EB-DF3F-49B4-B370-E44FC53E74E0}.Release|x86.Build.0 = Release|Any CPU
		{30DE147C-B0F6-4948-B9F3-5035009F831F}.Debug|Any CPU.ActiveCfg = Debug|Any CPU
		{30DE147C-B0F6-4948-B9F3-5035009F831F}.Debug|Any CPU.Build.0 = Debug|Any CPU
		{30DE147C-B0F6-4948-B9F3-5035009F831F}.Debug|x64.ActiveCfg = Debug|Any CPU
		{30DE147C-B0F6-4948-B9F3-5035009F831F}.Debug|x64.Build.0 = Debug|Any CPU
		{30DE147C-B0F6-4948-B9F3-5035009F831F}.Debug|x86.ActiveCfg = Debug|Any CPU
		{30DE147C-B0F6-4948-B9F3-5035009F831F}.Debug|x86.Build.0 = Debug|Any CPU
		{30DE147C-B0F6-4948-B9F3-5035009F831F}.Release|Any CPU.ActiveCfg = Release|Any CPU
		{30DE147C-B0F6-4948-B9F3-5035009F831F}.Release|Any CPU.Build.0 = Release|Any CPU
		{30DE147C-B0F6-4948-B9F3-5035009F831F}.Release|x64.ActiveCfg = Release|Any CPU
		{30DE147C-B0F6-4948-B9F3-5035009F831F}.Release|x64.Build.0 = Release|Any CPU
		{30DE147C-B0F6-4948-B9F3-5035009F831F}.Release|x86.ActiveCfg = Release|Any CPU
		{30DE147C-B0F6-4948-B9F3-5035009F831F}.Release|x86.Build.0 = Release|Any CPU
		{642669A8-FF47-4D3A-8142-5BA8EE20F1A3}.Debug|Any CPU.ActiveCfg = Debug|Any CPU
		{642669A8-FF47-4D3A-8142-5BA8EE20F1A3}.Debug|Any CPU.Build.0 = Debug|Any CPU
		{642669A8-FF47-4D3A-8142-5BA8EE20F1A3}.Debug|x64.ActiveCfg = Debug|Any CPU
		{642669A8-FF47-4D3A-8142-5BA8EE20F1A3}.Debug|x64.Build.0 = Debug|Any CPU
		{642669A8-FF47-4D3A-8142-5BA8EE20F1A3}.Debug|x86.ActiveCfg = Debug|Any CPU
		{642669A8-FF47-4D3A-8142-5BA8EE20F1A3}.Debug|x86.Build.0 = Debug|Any CPU
		{642669A8-FF47-4D3A-8142-5BA8EE20F1A3}.Release|Any CPU.ActiveCfg = Release|Any CPU
		{642669A8-FF47-4D3A-8142-5BA8EE20F1A3}.Release|Any CPU.Build.0 = Release|Any CPU
		{642669A8-FF47-4D3A-8142-5BA8EE20F1A3}.Release|x64.ActiveCfg = Release|Any CPU
		{642669A8-FF47-4D3A-8142-5BA8EE20F1A3}.Release|x64.Build.0 = Release|Any CPU
		{642669A8-FF47-4D3A-8142-5BA8EE20F1A3}.Release|x86.ActiveCfg = Release|Any CPU
		{642669A8-FF47-4D3A-8142-5BA8EE20F1A3}.Release|x86.Build.0 = Release|Any CPU
		{900C33C2-7745-4348-843D-19E945F73B70}.Debug|Any CPU.ActiveCfg = Debug|Any CPU
		{900C33C2-7745-4348-843D-19E945F73B70}.Debug|Any CPU.Build.0 = Debug|Any CPU
		{900C33C2-7745-4348-843D-19E945F73B70}.Debug|x64.ActiveCfg = Debug|Any CPU
		{900C33C2-7745-4348-843D-19E945F73B70}.Debug|x64.Build.0 = Debug|Any CPU
		{900C33C2-7745-4348-843D-19E945F73B70}.Debug|x86.ActiveCfg = Debug|Any CPU
		{900C33C2-7745-4348-843D-19E945F73B70}.Debug|x86.Build.0 = Debug|Any CPU
		{900C33C2-7745-4348-843D-19E945F73B70}.Release|Any CPU.ActiveCfg = Release|Any CPU
		{900C33C2-7745-4348-843D-19E945F73B70}.Release|Any CPU.Build.0 = Release|Any CPU
		{900C33C2-7745-4348-843D-19E945F73B70}.Release|x64.ActiveCfg = Release|Any CPU
		{900C33C2-7745-4348-843D-19E945F73B70}.Release|x64.Build.0 = Release|Any CPU
		{900C33C2-7745-4348-843D-19E945F73B70}.Release|x86.ActiveCfg = Release|Any CPU
		{900C33C2-7745-4348-843D-19E945F73B70}.Release|x86.Build.0 = Release|Any CPU
	EndGlobalSection
	GlobalSection(SolutionProperties) = preSolution
		HideSolutionNode = FALSE
	EndGlobalSection
	GlobalSection(NestedProjects) = preSolution
		{A1B2C3D4-1111-1111-1111-111111111111} = {F1000000-0000-0000-0000-000000000001}
		{A1B2C3D4-1111-1111-1111-111111111112} = {F1000000-0000-0000-0000-000000000001}
		{A1B2C3D4-1111-1111-1111-111111111113} = {F1000000-0000-0000-0000-000000000001}
		{A1B2C3D4-2222-2222-2222-222222222221} = {F1000000-0000-0000-0000-000000000002}
		{A1B2C3D4-2222-2222-2222-222222222222} = {F1000000-0000-0000-0000-000000000002}
		{A1B2C3D4-2222-2222-2222-222222222223} = {F1000000-0000-0000-0000-000000000002}
		{A1B2C3D4-3333-3333-3333-333333333331} = {F1000000-0000-0000-0000-000000000003}
		{A1B2C3D4-3333-3333-3333-333333333332} = {F1000000-0000-0000-0000-000000000003}
		{A1B2C3D4-3333-3333-3333-333333333333} = {F1000000-0000-0000-0000-000000000003}
		{A1B2C3D4-4444-4444-4444-444444444441} = {F1000000-0000-0000-0000-000000000004}
		{A1B2C3D4-4444-4444-4444-444444444442} = {F1000000-0000-0000-0000-000000000004}
		{A1B2C3D4-4444-4444-4444-444444444443} = {F1000000-0000-0000-0000-000000000004}
		{A1B2C3D4-5555-5555-5555-555555555551} = {F1000000-0000-0000-0000-000000000005}
		{A1B2C3D4-5555-5555-5555-555555555552} = {F1000000-0000-0000-0000-000000000005}
		{A1B2C3D4-5555-5555-5555-555555555553} = {F1000000-0000-0000-0000-000000000005}
		{A1B2C3D4-5555-5555-5555-555555555554} = {F1000000-0000-0000-0000-000000000005}
		{A1B2C3D4-6666-6666-6666-666666666661} = {F1000000-0000-0000-0000-000000000006}
		{A1B2C3D4-6666-6666-6666-666666666662} = {F1000000-0000-0000-0000-000000000006}
		{A1B2C3D4-6666-6666-6666-666666666663} = {F1000000-0000-0000-0000-000000000006}
		{A1B2C3D4-8888-8888-8888-888888888881} = {F1000000-0000-0000-0000-000000000008}
		{A1B2C3D4-8888-8888-8888-888888888882} = {F1000000-0000-0000-0000-000000000008}
		{A1B2C3D4-8888-8888-8888-888888888883} = {F1000000-0000-0000-0000-000000000008}
		{A1B2C3D4-9999-9999-9999-999999999991} = {F1000000-0000-0000-0000-000000000009}
		{A1B2C3D4-AAAA-AAAA-AAAA-AAAAAAAAAAAA} = {F1000000-0000-0000-0000-00000000000A}
		{A1B2C3D4-BBBB-BBBB-BBBB-BBBBBBBBBBBB} = {F1000000-0000-0000-0000-00000000000B}
		{A1B2C3D4-CCCC-CCCC-CCCC-CCCCCCCCCCCC} = {F1000000-0000-0000-0000-00000000000C}
		{A1B2C3D4-DDDD-DDDD-DDDD-DDDDDDDDDDDD} = {F1000000-0000-0000-0000-00000000000D}
		{A1B2C3D4-EEEE-EEEE-EEEE-EEEEEEEEEEEE} = {F1000000-0000-0000-0000-00000000000E}
		{C763BF4A-012F-4497-9A79-DCF62CD351B2} = {F1000000-0000-0000-0000-00000000000D}
		{702B4F28-6630-47E9-AA14-381A42EBA951} = {F1000000-0000-0000-0000-000000000001}
		{E1F102AB-AA48-4212-8E68-976B77118634} = {C16E5933-FA20-871C-54B2-28DE5BF5E8E3}
		{B7B9F7C7-46C0-43EF-B123-3AD8FD039824} = {BE4A8008-4A00-8C08-26C2-BD576741EBBE}
		{AC1D98EB-DF3F-49B4-B370-E44FC53E74E0} = {F1000000-0000-0000-0000-000000000001}
		{30DE147C-B0F6-4948-B9F3-5035009F831F} = {F1000000-0000-0000-0000-00000000000B}
		{642669A8-FF47-4D3A-8142-5BA8EE20F1A3} = {24CC916F-8D83-3EE0-8CC0-D2E38E130230}
		{900C33C2-7745-4348-843D-19E945F73B70} = {07C2787E-EAC7-C090-1BA3-A61EC2A24D84}
	EndGlobalSection
EndGlobal
